
Microsoft Visual Studio Solution File, Format Version 12.00
# Visual Studio Version 17
VisualStudioVersion = 17.8.34309.116
MinimumVisualStudioVersion = 10.0.40219.1
Project("{FAE04EC0-301F-11D3-BF4B-00C04F79EFBC}") = "ExploreMumbai", "ExploreMumbai.csproj", "{16292D95-26F9-4BFB-A8E3-F69E6FAEBA59}"
EndProject
Global
	GlobalSection(SolutionConfigurationPlatforms) = preSolution
		Debug|Any CPU = Debug|Any CPU
		Release|Any CPU = Release|Any CPU
	EndGlobalSection
	GlobalSection(ProjectConfigurationPlatforms) = postSolution
		{16292D95-26F9-4BFB-A8E3-F69E6FAEBA59}.Debug|Any CPU.ActiveCfg = Debug|Any CPU
		{16292D95-26F9-4BFB-A8E3-F69E6FAEBA59}.Debug|Any CPU.Build.0 = Debug|Any CPU
		{16292D95-26F9-4BFB-A8E3-F69E6FAEBA59}.Release|Any CPU.ActiveCfg = Release|Any CPU
		{16292D95-26F9-4BFB-A8E3-F69E6FAEBA59}.Release|Any CPU.Build.0 = Release|Any CPU
	EndGlobalSection
	GlobalSection(SolutionProperties) = preSolution
		HideSolutionNode = FALSE
	EndGlobalSection
	GlobalSection(ExtensibilityGlobals) = postSolution
		SolutionGuid = {96EEF388-AF3D-471C-A319-EA8C259DEE98}
	EndGlobalSection
EndGlobal
